
Microsoft Visual Studio Solution File, Format Version 12.00
# Visual Studio Version 17
VisualStudioVersion = 17.5.33424.131
MinimumVisualStudioVersion = 10.0.40219.1
Project("{FAE04EC0-301F-11D3-BF4B-00C04F79EFBC}") = "Tema5", "Tema5\Tema5.csproj", "{08940BBD-0E40-4423-94B9-957BE052C66A}"
EndProject
Global
	GlobalSection(SolutionConfigurationPlatforms) = preSolution
		Debug|Any CPU = Debug|Any CPU
		Release|Any CPU = Release|Any CPU
	EndGlobalSection
	GlobalSection(ProjectConfigurationPlatforms) = postSolution
		{08940BBD-0E40-4423-94B9-957BE052C66A}.Debug|Any CPU.ActiveCfg = Debug|Any CPU
		{08940BBD-0E40-4423-94B9-957BE052C66A}.Debug|Any CPU.Build.0 = Debug|Any CPU
		{08940BBD-0E40-4423-94B9-957BE052C66A}.Release|Any CPU.ActiveCfg = Release|Any CPU
		{08940BBD-0E40-4423-94B9-957BE052C66A}.Release|Any CPU.Build.0 = Release|Any CPU
	EndGlobalSection
	GlobalSection(SolutionProperties) = preSolution
		HideSolutionNode = FALSE
	EndGlobalSection
	GlobalSection(ExtensibilityGlobals) = postSolution
		SolutionGuid = {3DB539EC-FDBA-49AF-8BF0-D4C0736FD01A}
	EndGlobalSection
EndGlobal
